
Microsoft Visual Studio Solution File, Format Version 12.00
# Visual Studio Version 16
VisualStudioVersion = 16.0.32228.343
MinimumVisualStudioVersion = 10.0.40219.1
Project("{FAE04EC0-301F-11D3-BF4B-00C04F79EFBC}") = "PepitoSchool.Forms", "PepitoSchool\PepitoSchool.Forms.csproj", "{75E1A639-A78E-47FA-81D4-6804FB001396}"
EndProject
Project("{FAE04EC0-301F-11D3-BF4B-00C04F79EFBC}") = "PepitoSchool.Domain", "PepitoSchool.Domain\PepitoSchool.Domain.csproj", "{23F100A5-D52B-41C6-96D0-5C1C0F2EADA1}"
EndProject
Project("{FAE04EC0-301F-11D3-BF4B-00C04F79EFBC}") = "PepitoSchool.App", "PepitoSchool.App\PepitoSchool.App.csproj", "{5F0BE9F1-A844-44CD-87C0-080FC0BF1145}"
EndProject
Project("{FAE04EC0-301F-11D3-BF4B-00C04F79EFBC}") = "PepitoSchool.Infraestructura", "PepitoSchool.Infraestructura\PepitoSchool.Infraestructura.csproj", "{947A5ED8-D4C1-451F-9791-2819E2EA0985}"
EndProject
Global
	GlobalSection(SolutionConfigurationPlatforms) = preSolution
		Debug|Any CPU = Debug|Any CPU
		Release|Any CPU = Release|Any CPU
	EndGlobalSection
	GlobalSection(ProjectConfigurationPlatforms) = postSolution
		{75E1A639-A78E-47FA-81D4-6804FB001396}.Debug|Any CPU.ActiveCfg = Debug|Any CPU
		{75E1A639-A78E-47FA-81D4-6804FB001396}.Debug|Any CPU.Build.0 = Debug|Any CPU
		{75E1A639-A78E-47FA-81D4-6804FB001396}.Release|Any CPU.ActiveCfg = Release|Any CPU
		{75E1A639-A78E-47FA-81D4-6804FB001396}.Release|Any CPU.Build.0 = Release|Any CPU
		{23F100A5-D52B-41C6-96D0-5C1C0F2EADA1}.Debug|Any CPU.ActiveCfg = Debug|Any CPU
		{23F100A5-D52B-41C6-96D0-5C1C0F2EADA1}.Debug|Any CPU.Build.0 = Debug|Any CPU
		{23F100A5-D52B-41C6-96D0-5C1C0F2EADA1}.Release|Any CPU.ActiveCfg = Release|Any CPU
		{23F100A5-D52B-41C6-96D0-5C1C0F2EADA1}.Release|Any CPU.Build.0 = Release|Any CPU
		{5F0BE9F1-A844-44CD-87C0-080FC0BF1145}.Debug|Any CPU.ActiveCfg = Debug|Any CPU
		{5F0BE9F1-A844-44CD-87C0-080FC0BF1145}.Debug|Any CPU.Build.0 = Debug|Any CPU
		{5F0BE9F1-A844-44CD-87C0-080FC0BF1145}.Release|Any CPU.ActiveCfg = Release|Any CPU
		{5F0BE9F1-A844-44CD-87C0-080FC0BF1145}.Release|Any CPU.Build.0 = Release|Any CPU
		{947A5ED8-D4C1-451F-9791-2819E2EA0985}.Debug|Any CPU.ActiveCfg = Debug|Any CPU
		{947A5ED8-D4C1-451F-9791-2819E2EA0985}.Debug|Any CPU.Build.0 = Debug|Any CPU
		{947A5ED8-D4C1-451F-9791-2819E2EA0985}.Release|Any CPU.ActiveCfg = Release|Any CPU
		{947A5ED8-D4C1-451F-9791-2819E2EA0985}.Release|Any CPU.Build.0 = Release|Any CPU
	EndGlobalSection
	GlobalSection(SolutionProperties) = preSolution
		HideSolutionNode = FALSE
	EndGlobalSection
	GlobalSection(ExtensibilityGlobals) = postSolution
		SolutionGuid = {16535C5E-D94F-4FF0-829B-C566E0402ECE}
	EndGlobalSection
EndGlobal
